
Microsoft Visual Studio Solution File, Format Version 12.00
# Visual Studio Version 17
VisualStudioVersion = 17.0.32112.339
MinimumVisualStudioVersion = 10.0.40219.1
Project("{9A19103F-16F7-4668-BE54-9A1E7A4F7556}") = "SportHub", "SportHub\SportHub.csproj", "{E88D0FE0-3E60-4DE3-8288-308B8FDEF21B}"
EndProject
Project("{9A19103F-16F7-4668-BE54-9A1E7A4F7556}") = "SportHub.Domain", "SportHub.Domain\SportHub.Domain.csproj", "{FB132745-D8CB-428B-8640-737A969A9DF2}"
EndProject
Project("{9A19103F-16F7-4668-BE54-9A1E7A4F7556}") = "SportHub.Services", "SportHub.Services\SportHub.Services.csproj", "{0EC67AA5-7884-4753-8067-8657E725A03A}"
EndProject
Global
	GlobalSection(SolutionConfigurationPlatforms) = preSolution
		Debug|Any CPU = Debug|Any CPU
		Release|Any CPU = Release|Any CPU
	EndGlobalSection
	GlobalSection(ProjectConfigurationPlatforms) = postSolution
		{E88D0FE0-3E60-4DE3-8288-308B8FDEF21B}.Debug|Any CPU.ActiveCfg = Debug|Any CPU
		{E88D0FE0-3E60-4DE3-8288-308B8FDEF21B}.Debug|Any CPU.Build.0 = Debug|Any CPU
		{E88D0FE0-3E60-4DE3-8288-308B8FDEF21B}.Release|Any CPU.ActiveCfg = Release|Any CPU
		{E88D0FE0-3E60-4DE3-8288-308B8FDEF21B}.Release|Any CPU.Build.0 = Release|Any CPU
		{FB132745-D8CB-428B-8640-737A969A9DF2}.Debug|Any CPU.ActiveCfg = Debug|Any CPU
		{FB132745-D8CB-428B-8640-737A969A9DF2}.Debug|Any CPU.Build.0 = Debug|Any CPU
		{FB132745-D8CB-428B-8640-737A969A9DF2}.Release|Any CPU.ActiveCfg = Release|Any CPU
		{FB132745-D8CB-428B-8640-737A969A9DF2}.Release|Any CPU.Build.0 = Release|Any CPU
		{0EC67AA5-7884-4753-8067-8657E725A03A}.Debug|Any CPU.ActiveCfg = Debug|Any CPU
		{0EC67AA5-7884-4753-8067-8657E725A03A}.Debug|Any CPU.Build.0 = Debug|Any CPU
		{0EC67AA5-7884-4753-8067-8657E725A03A}.Release|Any CPU.ActiveCfg = Release|Any CPU
		{0EC67AA5-7884-4753-8067-8657E725A03A}.Release|Any CPU.Build.0 = Release|Any CPU
	EndGlobalSection
	GlobalSection(SolutionProperties) = preSolution
		HideSolutionNode = FALSE
	EndGlobalSection
	GlobalSection(ExtensibilityGlobals) = postSolution
		SolutionGuid = {2EF63863-BFBE-448A-9E73-CE17247B9B7C}
	EndGlobalSection
EndGlobal
